// !$*UTF8*$!
{
	archiveVersion = 1;
	classes = {
	};
	objectVersion = 56;
	objects = {

/* Begin PBXBuildFile section */
		043943F8293143DD00AF8431 /* DetailCharacterInteractorInputProtocol.swift in Sources */ = {isa = PBXBuildFile; fileRef = 043943F7293143DD00AF8431 /* DetailCharacterInteractorInputProtocol.swift */; };
		0448A97F292F55BD006F49DD /* LocationDetailViewController.swift in Sources */ = {isa = PBXBuildFile; fileRef = 0448A97E292F55BD006F49DD /* LocationDetailViewController.swift */; };
		0448A986292F5748006F49DD /* LocationDetailHeader.swift in Sources */ = {isa = PBXBuildFile; fileRef = 0448A983292F5748006F49DD /* LocationDetailHeader.swift */; };
		0448A987292F5748006F49DD /* LocationDetailCollectionCell.swift in Sources */ = {isa = PBXBuildFile; fileRef = 0448A984292F5748006F49DD /* LocationDetailCollectionCell.swift */; };
		0448A988292F5748006F49DD /* LocationDetailView.swift in Sources */ = {isa = PBXBuildFile; fileRef = 0448A985292F5748006F49DD /* LocationDetailView.swift */; };
		0448A98C292F5752006F49DD /* LocationListCell.swift in Sources */ = {isa = PBXBuildFile; fileRef = 0448A98A292F5752006F49DD /* LocationListCell.swift */; };
		0448A98D292F5752006F49DD /* LocationListView.swift in Sources */ = {isa = PBXBuildFile; fileRef = 0448A98B292F5752006F49DD /* LocationListView.swift */; };
		0448A999292FAA44006F49DD /* AssemblerBuilder.swift in Sources */ = {isa = PBXBuildFile; fileRef = 0448A998292FAA44006F49DD /* AssemblerBuilder.swift */; };
		0448A99F292FAE73006F49DD /* DetailCharacterPresenter.swift in Sources */ = {isa = PBXBuildFile; fileRef = 0448A99E292FAE73006F49DD /* DetailCharacterPresenter.swift */; };
		0448A9A1292FAE8E006F49DD /* DetailCharacterViewProtocols.swift in Sources */ = {isa = PBXBuildFile; fileRef = 0448A9A0292FAE8E006F49DD /* DetailCharacterViewProtocols.swift */; };
		0448A9A5292FAF8B006F49DD /* DetailCharacterInteractor.swift in Sources */ = {isa = PBXBuildFile; fileRef = 0448A9A4292FAF8B006F49DD /* DetailCharacterInteractor.swift */; };
		0448A9A7292FB046006F49DD /* DetailCharacterPresenterInputProtocol.swift in Sources */ = {isa = PBXBuildFile; fileRef = 0448A9A6292FB046006F49DD /* DetailCharacterPresenterInputProtocol.swift */; };
		0448A9AB292FB11E006F49DD /* BaseRouter.swift in Sources */ = {isa = PBXBuildFile; fileRef = 0448A9AA292FB11E006F49DD /* BaseRouter.swift */; };
		0448A9AE292FC4C1006F49DD /* CharactersListPresenterInputProtocol.swift in Sources */ = {isa = PBXBuildFile; fileRef = 0448A9AD292FC4C1006F49DD /* CharactersListPresenterInputProtocol.swift */; };
		0448A9B0292FC55B006F49DD /* CharactersListViewProtocols.swift in Sources */ = {isa = PBXBuildFile; fileRef = 0448A9AF292FC55B006F49DD /* CharactersListViewProtocols.swift */; };
		0448A9B2292FD685006F49DD /* CharactersListRouterProtocol.swift in Sources */ = {isa = PBXBuildFile; fileRef = 0448A9B1292FD685006F49DD /* CharactersListRouterProtocol.swift */; };
		04A89CD32932056800B06410 /* CharactersListInteractorInputProtocol.swift in Sources */ = {isa = PBXBuildFile; fileRef = 04A89CD22932056800B06410 /* CharactersListInteractorInputProtocol.swift */; };
		29BDF4EB47A4D8EDA04D7224 /* Pods_RickandMortyApiTask.framework in Frameworks */ = {isa = PBXBuildFile; fileRef = 1CAB6CEBF61FF0B4FEAB289A /* Pods_RickandMortyApiTask.framework */; };
		A50319FD292E6A630098551F /* CharactersCollectionView.swift in Sources */ = {isa = PBXBuildFile; fileRef = A50319FC292E6A630098551F /* CharactersCollectionView.swift */; };
		A5031A05292E6B720098551F /* CharactersCollectionCell.swift in Sources */ = {isa = PBXBuildFile; fileRef = A5031A04292E6B720098551F /* CharactersCollectionCell.swift */; };
		A5031A0B292E6C9D0098551F /* DetailCharactertHeader.swift in Sources */ = {isa = PBXBuildFile; fileRef = A5031A0A292E6C9D0098551F /* DetailCharactertHeader.swift */; };
		A5031A0D292E6CC20098551F /* DetailCharactertCell.swift in Sources */ = {isa = PBXBuildFile; fileRef = A5031A0C292E6CC20098551F /* DetailCharactertCell.swift */; };
		A5031A12292E6DD20098551F /* UIImageView+Configure.swift in Sources */ = {isa = PBXBuildFile; fileRef = A5031A0E292E6DD20098551F /* UIImageView+Configure.swift */; };
		A5031A13292E6DD20098551F /* UILabel+Confgure.swift in Sources */ = {isa = PBXBuildFile; fileRef = A5031A0F292E6DD20098551F /* UILabel+Confgure.swift */; };
		A5031A14292E6DD20098551F /* UIView+Autolayout.swift in Sources */ = {isa = PBXBuildFile; fileRef = A5031A10292E6DD20098551F /* UIView+Autolayout.swift */; };
		A56DA0AA292E7178004F5AB3 /* DetailCharacterViewController.swift in Sources */ = {isa = PBXBuildFile; fileRef = 04AB654B292D093000216DBE /* DetailCharacterViewController.swift */; };
		A56DA0AB292E717B004F5AB3 /* DetailCharactertView.swift in Sources */ = {isa = PBXBuildFile; fileRef = 04AB6550292D0CC300216DBE /* DetailCharactertView.swift */; };
		A56DA0C6292F6DB3004F5AB3 /* Api.swift in Sources */ = {isa = PBXBuildFile; fileRef = A56DA0C5292F6DB3004F5AB3 /* Api.swift */; };
		A56DA0C9292F6F10004F5AB3 /* RickAndMortyRequestFactory.swift in Sources */ = {isa = PBXBuildFile; fileRef = A56DA0C8292F6F10004F5AB3 /* RickAndMortyRequestFactory.swift */; };
		A56DA0CC292F7190004F5AB3 /* NetworkClient.swift in Sources */ = {isa = PBXBuildFile; fileRef = A56DA0CB292F7190004F5AB3 /* NetworkClient.swift */; };
		A56DA0CE292F71C6004F5AB3 /* DefaultNetworkClient.swift in Sources */ = {isa = PBXBuildFile; fileRef = A56DA0CD292F71C6004F5AB3 /* DefaultNetworkClient.swift */; };
		A56DA0D0292F723B004F5AB3 /* NetworkError.swift in Sources */ = {isa = PBXBuildFile; fileRef = A56DA0CF292F723B004F5AB3 /* NetworkError.swift */; };
		A56DA0D3292F774E004F5AB3 /* Characterss.swift in Sources */ = {isa = PBXBuildFile; fileRef = A56DA0D2292F774E004F5AB3 /* Characterss.swift */; };
		A56DA0D7292FA17C004F5AB3 /* CharactersListPresenter.swift in Sources */ = {isa = PBXBuildFile; fileRef = A56DA0D6292FA17C004F5AB3 /* CharactersListPresenter.swift */; };
		A56DA0DA292FA1DF004F5AB3 /* CharactersListInteractor.swift in Sources */ = {isa = PBXBuildFile; fileRef = A56DA0D9292FA1DF004F5AB3 /* CharactersListInteractor.swift */; };
		A56DA0DD292FA23D004F5AB3 /* CharactersListRouter.swift in Sources */ = {isa = PBXBuildFile; fileRef = A56DA0DC292FA23D004F5AB3 /* CharactersListRouter.swift */; };
		A56DA0E52930A4AB004F5AB3 /* EpisodeListAssembly.swift in Sources */ = {isa = PBXBuildFile; fileRef = A56DA0E42930A4AB004F5AB3 /* EpisodeListAssembly.swift */; };
		A56DA0E72930A4CF004F5AB3 /* EpisodeListRouterProtocol.swift in Sources */ = {isa = PBXBuildFile; fileRef = A56DA0E62930A4CF004F5AB3 /* EpisodeListRouterProtocol.swift */; };
		A56DA0E92930A4E1004F5AB3 /* EpisodeListRouter.swift in Sources */ = {isa = PBXBuildFile; fileRef = A56DA0E82930A4E1004F5AB3 /* EpisodeListRouter.swift */; };
		A56DA0EB2930A69D004F5AB3 /* EpisodeListInteractorInputProtocol.swift in Sources */ = {isa = PBXBuildFile; fileRef = A56DA0EA2930A69D004F5AB3 /* EpisodeListInteractorInputProtocol.swift */; };
		A56DA0ED2930A6BF004F5AB3 /* EpisodeListInteractorOutputProtocol.swift in Sources */ = {isa = PBXBuildFile; fileRef = A56DA0EC2930A6BF004F5AB3 /* EpisodeListInteractorOutputProtocol.swift */; };
		A56DA0EF2930A6CF004F5AB3 /* EpisodeListInteractor.swift in Sources */ = {isa = PBXBuildFile; fileRef = A56DA0EE2930A6CF004F5AB3 /* EpisodeListInteractor.swift */; };
		A56DA0F12930A6E9004F5AB3 /* EpisodeListPresenter.swift in Sources */ = {isa = PBXBuildFile; fileRef = A56DA0F02930A6E9004F5AB3 /* EpisodeListPresenter.swift */; };
		A56DA0F32930A726004F5AB3 /* EpisodeListViewInputProtocol.swift in Sources */ = {isa = PBXBuildFile; fileRef = A56DA0F22930A726004F5AB3 /* EpisodeListViewInputProtocol.swift */; };
		A56DA0F52930A762004F5AB3 /* EpisodeListViewOutputProtocol.swift in Sources */ = {isa = PBXBuildFile; fileRef = A56DA0F42930A762004F5AB3 /* EpisodeListViewOutputProtocol.swift */; };
		A590E7892931179D00D65037 /* EpisodeDetailViewInputProtocol.swift in Sources */ = {isa = PBXBuildFile; fileRef = A590E7882931179D00D65037 /* EpisodeDetailViewInputProtocol.swift */; };
		A590E78B293117B600D65037 /* EpisodeDetailPresenter.swift in Sources */ = {isa = PBXBuildFile; fileRef = A590E78A293117B500D65037 /* EpisodeDetailPresenter.swift */; };
		A590E78D293117D800D65037 /* EpisodeDetailInteractorOutputProtocol.swift in Sources */ = {isa = PBXBuildFile; fileRef = A590E78C293117D800D65037 /* EpisodeDetailInteractorOutputProtocol.swift */; };
		A590E78F293117FB00D65037 /* EpisodeDetailInteractorInputProtocol.swift in Sources */ = {isa = PBXBuildFile; fileRef = A590E78E293117FB00D65037 /* EpisodeDetailInteractorInputProtocol.swift */; };
		A590E7912931180D00D65037 /* EpisodeDetailInteractor.swift in Sources */ = {isa = PBXBuildFile; fileRef = A590E7902931180D00D65037 /* EpisodeDetailInteractor.swift */; };
		A590E7932931182300D65037 /* EpisodeDetailAssembly.swift in Sources */ = {isa = PBXBuildFile; fileRef = A590E7922931182300D65037 /* EpisodeDetailAssembly.swift */; };
		A590E7952931183500D65037 /* EpisodeDetailRouterProtocol.swift in Sources */ = {isa = PBXBuildFile; fileRef = A590E7942931183500D65037 /* EpisodeDetailRouterProtocol.swift */; };
		A590E7972931184300D65037 /* EpisodeDetailRouter.swift in Sources */ = {isa = PBXBuildFile; fileRef = A590E7962931184300D65037 /* EpisodeDetailRouter.swift */; };
		A590E7992931186E00D65037 /* EpisodeDetailViewOutputProtocol.swift in Sources */ = {isa = PBXBuildFile; fileRef = A590E7982931186E00D65037 /* EpisodeDetailViewOutputProtocol.swift */; };
		A5AA82E4292CCB9200B47692 /* AppDelegate.swift in Sources */ = {isa = PBXBuildFile; fileRef = A5AA82E3292CCB9200B47692 /* AppDelegate.swift */; };
		A5AA82E8292CCB9200B47692 /* CharactersListViewController.swift in Sources */ = {isa = PBXBuildFile; fileRef = A5AA82E7292CCB9200B47692 /* CharactersListViewController.swift */; };
		A5AA82ED292CCB9500B47692 /* Assets.xcassets in Resources */ = {isa = PBXBuildFile; fileRef = A5AA82EC292CCB9500B47692 /* Assets.xcassets */; };
		A5AA82F0292CCB9500B47692 /* LaunchScreen.storyboard in Resources */ = {isa = PBXBuildFile; fileRef = A5AA82EE292CCB9500B47692 /* LaunchScreen.storyboard */; };
		A5AA8310292CE9E700B47692 /* EpisodeListViewController.swift in Sources */ = {isa = PBXBuildFile; fileRef = A5AA830F292CE9E700B47692 /* EpisodeListViewController.swift */; };
		A5AA8312292CEA1500B47692 /* LocationListViewController.swift in Sources */ = {isa = PBXBuildFile; fileRef = A5AA8311292CEA1500B47692 /* LocationListViewController.swift */; };
		A5ACE669292DCA510066DC72 /* EpisodeDetailViewController.swift in Sources */ = {isa = PBXBuildFile; fileRef = A5ACE668292DCA510066DC72 /* EpisodeDetailViewController.swift */; };
		A5ACE66D292DCCB90066DC72 /* EpisodeDetailHeaderView.swift in Sources */ = {isa = PBXBuildFile; fileRef = A5ACE66C292DCCB90066DC72 /* EpisodeDetailHeaderView.swift */; };
		A5ACE66F292DDE3D0066DC72 /* EpisodeDetailCollectionView.swift in Sources */ = {isa = PBXBuildFile; fileRef = A5ACE66E292DDE3D0066DC72 /* EpisodeDetailCollectionView.swift */; };
		A5ACE671292DDF6C0066DC72 /* EpisodeDetailCell.swift in Sources */ = {isa = PBXBuildFile; fileRef = A5ACE670292DDF6C0066DC72 /* EpisodeDetailCell.swift */; };
		A5ACE676292DE6A50066DC72 /* EpisodeCustomCell.swift in Sources */ = {isa = PBXBuildFile; fileRef = A5ACE675292DE6A50066DC72 /* EpisodeCustomCell.swift */; };
		A5ACE678292DE6CC0066DC72 /* EpisodeTableView.swift in Sources */ = {isa = PBXBuildFile; fileRef = A5ACE677292DE6CC0066DC72 /* EpisodeTableView.swift */; };
		A5ED44942930FEC20065A0B0 /* Charact.swift in Sources */ = {isa = PBXBuildFile; fileRef = A5ED44932930FEC20065A0B0 /* Charact.swift */; };
		A5F2E9402930AC2D001C171E /* Episodes.swift in Sources */ = {isa = PBXBuildFile; fileRef = A5F2E93F2930AC2D001C171E /* Episodes.swift */; };
/* End PBXBuildFile section */

/* Begin PBXFileReference section */
		043943F7293143DD00AF8431 /* DetailCharacterInteractorInputProtocol.swift */ = {isa = PBXFileReference; lastKnownFileType = sourcecode.swift; path = DetailCharacterInteractorInputProtocol.swift; sourceTree = "<group>"; };
		0448A97E292F55BD006F49DD /* LocationDetailViewController.swift */ = {isa = PBXFileReference; lastKnownFileType = sourcecode.swift; path = LocationDetailViewController.swift; sourceTree = "<group>"; };
		0448A983292F5748006F49DD /* LocationDetailHeader.swift */ = {isa = PBXFileReference; fileEncoding = 4; lastKnownFileType = sourcecode.swift; path = LocationDetailHeader.swift; sourceTree = "<group>"; };
		0448A984292F5748006F49DD /* LocationDetailCollectionCell.swift */ = {isa = PBXFileReference; fileEncoding = 4; lastKnownFileType = sourcecode.swift; path = LocationDetailCollectionCell.swift; sourceTree = "<group>"; };
		0448A985292F5748006F49DD /* LocationDetailView.swift */ = {isa = PBXFileReference; fileEncoding = 4; lastKnownFileType = sourcecode.swift; path = LocationDetailView.swift; sourceTree = "<group>"; };
		0448A98A292F5752006F49DD /* LocationListCell.swift */ = {isa = PBXFileReference; fileEncoding = 4; lastKnownFileType = sourcecode.swift; path = LocationListCell.swift; sourceTree = "<group>"; };
		0448A98B292F5752006F49DD /* LocationListView.swift */ = {isa = PBXFileReference; fileEncoding = 4; lastKnownFileType = sourcecode.swift; path = LocationListView.swift; sourceTree = "<group>"; };
		0448A998292FAA44006F49DD /* AssemblerBuilder.swift */ = {isa = PBXFileReference; lastKnownFileType = sourcecode.swift; path = AssemblerBuilder.swift; sourceTree = "<group>"; };
		0448A99E292FAE73006F49DD /* DetailCharacterPresenter.swift */ = {isa = PBXFileReference; lastKnownFileType = sourcecode.swift; path = DetailCharacterPresenter.swift; sourceTree = "<group>"; };
		0448A9A0292FAE8E006F49DD /* DetailCharacterViewProtocols.swift */ = {isa = PBXFileReference; lastKnownFileType = sourcecode.swift; path = DetailCharacterViewProtocols.swift; sourceTree = "<group>"; };
		0448A9A4292FAF8B006F49DD /* DetailCharacterInteractor.swift */ = {isa = PBXFileReference; lastKnownFileType = sourcecode.swift; path = DetailCharacterInteractor.swift; sourceTree = "<group>"; };
		0448A9A6292FB046006F49DD /* DetailCharacterPresenterInputProtocol.swift */ = {isa = PBXFileReference; lastKnownFileType = sourcecode.swift; path = DetailCharacterPresenterInputProtocol.swift; sourceTree = "<group>"; };
		0448A9AA292FB11E006F49DD /* BaseRouter.swift */ = {isa = PBXFileReference; lastKnownFileType = sourcecode.swift; path = BaseRouter.swift; sourceTree = "<group>"; };
		0448A9AD292FC4C1006F49DD /* CharactersListPresenterInputProtocol.swift */ = {isa = PBXFileReference; lastKnownFileType = sourcecode.swift; path = CharactersListPresenterInputProtocol.swift; sourceTree = "<group>"; };
		0448A9AF292FC55B006F49DD /* CharactersListViewProtocols.swift */ = {isa = PBXFileReference; lastKnownFileType = sourcecode.swift; path = CharactersListViewProtocols.swift; sourceTree = "<group>"; };
		0448A9B1292FD685006F49DD /* CharactersListRouterProtocol.swift */ = {isa = PBXFileReference; lastKnownFileType = sourcecode.swift; path = CharactersListRouterProtocol.swift; sourceTree = "<group>"; };
		04A89CD22932056800B06410 /* CharactersListInteractorInputProtocol.swift */ = {isa = PBXFileReference; lastKnownFileType = sourcecode.swift; path = CharactersListInteractorInputProtocol.swift; sourceTree = "<group>"; };
		04AB654B292D093000216DBE /* DetailCharacterViewController.swift */ = {isa = PBXFileReference; lastKnownFileType = sourcecode.swift; path = DetailCharacterViewController.swift; sourceTree = "<group>"; };
		04AB6550292D0CC300216DBE /* DetailCharactertView.swift */ = {isa = PBXFileReference; lastKnownFileType = sourcecode.swift; path = DetailCharactertView.swift; sourceTree = "<group>"; };
		1CAB6CEBF61FF0B4FEAB289A /* Pods_RickandMortyApiTask.framework */ = {isa = PBXFileReference; explicitFileType = wrapper.framework; includeInIndex = 0; path = Pods_RickandMortyApiTask.framework; sourceTree = BUILT_PRODUCTS_DIR; };
		736A086959F586E7141E8483 /* Pods-RickandMortyApiTask.debug.xcconfig */ = {isa = PBXFileReference; includeInIndex = 1; lastKnownFileType = text.xcconfig; name = "Pods-RickandMortyApiTask.debug.xcconfig"; path = "Target Support Files/Pods-RickandMortyApiTask/Pods-RickandMortyApiTask.debug.xcconfig"; sourceTree = "<group>"; };
		A50319FC292E6A630098551F /* CharactersCollectionView.swift */ = {isa = PBXFileReference; lastKnownFileType = sourcecode.swift; name = CharactersCollectionView.swift; path = RickandMortyApiTask/Sources/Modules/CharactersListModule/Views/Subviews/CharactersCollectionView.swift; sourceTree = SOURCE_ROOT; };
		A5031A04292E6B720098551F /* CharactersCollectionCell.swift */ = {isa = PBXFileReference; lastKnownFileType = sourcecode.swift; path = CharactersCollectionCell.swift; sourceTree = "<group>"; };
		A5031A0A292E6C9D0098551F /* DetailCharactertHeader.swift */ = {isa = PBXFileReference; lastKnownFileType = sourcecode.swift; path = DetailCharactertHeader.swift; sourceTree = "<group>"; };
		A5031A0C292E6CC20098551F /* DetailCharactertCell.swift */ = {isa = PBXFileReference; lastKnownFileType = sourcecode.swift; path = DetailCharactertCell.swift; sourceTree = "<group>"; };
		A5031A0E292E6DD20098551F /* UIImageView+Configure.swift */ = {isa = PBXFileReference; fileEncoding = 4; lastKnownFileType = sourcecode.swift; path = "UIImageView+Configure.swift"; sourceTree = "<group>"; };
		A5031A0F292E6DD20098551F /* UILabel+Confgure.swift */ = {isa = PBXFileReference; fileEncoding = 4; lastKnownFileType = sourcecode.swift; path = "UILabel+Confgure.swift"; sourceTree = "<group>"; };
		A5031A10292E6DD20098551F /* UIView+Autolayout.swift */ = {isa = PBXFileReference; fileEncoding = 4; lastKnownFileType = sourcecode.swift; path = "UIView+Autolayout.swift"; sourceTree = "<group>"; };
		A56DA0C5292F6DB3004F5AB3 /* Api.swift */ = {isa = PBXFileReference; lastKnownFileType = sourcecode.swift; path = Api.swift; sourceTree = "<group>"; };
		A56DA0C8292F6F10004F5AB3 /* RickAndMortyRequestFactory.swift */ = {isa = PBXFileReference; lastKnownFileType = sourcecode.swift; path = RickAndMortyRequestFactory.swift; sourceTree = "<group>"; };
		A56DA0CB292F7190004F5AB3 /* NetworkClient.swift */ = {isa = PBXFileReference; lastKnownFileType = sourcecode.swift; path = NetworkClient.swift; sourceTree = "<group>"; };
		A56DA0CD292F71C6004F5AB3 /* DefaultNetworkClient.swift */ = {isa = PBXFileReference; lastKnownFileType = sourcecode.swift; path = DefaultNetworkClient.swift; sourceTree = "<group>"; };
		A56DA0CF292F723B004F5AB3 /* NetworkError.swift */ = {isa = PBXFileReference; lastKnownFileType = sourcecode.swift; path = NetworkError.swift; sourceTree = "<group>"; };
		A56DA0D2292F774E004F5AB3 /* Characterss.swift */ = {isa = PBXFileReference; lastKnownFileType = sourcecode.swift; path = Characterss.swift; sourceTree = "<group>"; };
		A56DA0D6292FA17C004F5AB3 /* CharactersListPresenter.swift */ = {isa = PBXFileReference; lastKnownFileType = sourcecode.swift; path = CharactersListPresenter.swift; sourceTree = "<group>"; };
		A56DA0D9292FA1DF004F5AB3 /* CharactersListInteractor.swift */ = {isa = PBXFileReference; lastKnownFileType = sourcecode.swift; path = CharactersListInteractor.swift; sourceTree = "<group>"; };
		A56DA0DC292FA23D004F5AB3 /* CharactersListRouter.swift */ = {isa = PBXFileReference; lastKnownFileType = sourcecode.swift; path = CharactersListRouter.swift; sourceTree = "<group>"; };
		A56DA0E42930A4AB004F5AB3 /* EpisodeListAssembly.swift */ = {isa = PBXFileReference; lastKnownFileType = sourcecode.swift; path = EpisodeListAssembly.swift; sourceTree = "<group>"; };
		A56DA0E62930A4CF004F5AB3 /* EpisodeListRouterProtocol.swift */ = {isa = PBXFileReference; lastKnownFileType = sourcecode.swift; path = EpisodeListRouterProtocol.swift; sourceTree = "<group>"; };
		A56DA0E82930A4E1004F5AB3 /* EpisodeListRouter.swift */ = {isa = PBXFileReference; lastKnownFileType = sourcecode.swift; path = EpisodeListRouter.swift; sourceTree = "<group>"; };
		A56DA0EA2930A69D004F5AB3 /* EpisodeListInteractorInputProtocol.swift */ = {isa = PBXFileReference; lastKnownFileType = sourcecode.swift; path = EpisodeListInteractorInputProtocol.swift; sourceTree = "<group>"; };
		A56DA0EC2930A6BF004F5AB3 /* EpisodeListInteractorOutputProtocol.swift */ = {isa = PBXFileReference; lastKnownFileType = sourcecode.swift; path = EpisodeListInteractorOutputProtocol.swift; sourceTree = "<group>"; };
		A56DA0EE2930A6CF004F5AB3 /* EpisodeListInteractor.swift */ = {isa = PBXFileReference; lastKnownFileType = sourcecode.swift; path = EpisodeListInteractor.swift; sourceTree = "<group>"; };
		A56DA0F02930A6E9004F5AB3 /* EpisodeListPresenter.swift */ = {isa = PBXFileReference; lastKnownFileType = sourcecode.swift; path = EpisodeListPresenter.swift; sourceTree = "<group>"; };
		A56DA0F22930A726004F5AB3 /* EpisodeListViewInputProtocol.swift */ = {isa = PBXFileReference; lastKnownFileType = sourcecode.swift; path = EpisodeListViewInputProtocol.swift; sourceTree = "<group>"; };
		A56DA0F42930A762004F5AB3 /* EpisodeListViewOutputProtocol.swift */ = {isa = PBXFileReference; lastKnownFileType = sourcecode.swift; path = EpisodeListViewOutputProtocol.swift; sourceTree = "<group>"; };
		A590E7882931179D00D65037 /* EpisodeDetailViewInputProtocol.swift */ = {isa = PBXFileReference; lastKnownFileType = sourcecode.swift; path = EpisodeDetailViewInputProtocol.swift; sourceTree = "<group>"; };
		A590E78A293117B500D65037 /* EpisodeDetailPresenter.swift */ = {isa = PBXFileReference; lastKnownFileType = sourcecode.swift; path = EpisodeDetailPresenter.swift; sourceTree = "<group>"; };
		A590E78C293117D800D65037 /* EpisodeDetailInteractorOutputProtocol.swift */ = {isa = PBXFileReference; lastKnownFileType = sourcecode.swift; path = EpisodeDetailInteractorOutputProtocol.swift; sourceTree = "<group>"; };
		A590E78E293117FB00D65037 /* EpisodeDetailInteractorInputProtocol.swift */ = {isa = PBXFileReference; lastKnownFileType = sourcecode.swift; path = EpisodeDetailInteractorInputProtocol.swift; sourceTree = "<group>"; };
		A590E7902931180D00D65037 /* EpisodeDetailInteractor.swift */ = {isa = PBXFileReference; lastKnownFileType = sourcecode.swift; path = EpisodeDetailInteractor.swift; sourceTree = "<group>"; };
		A590E7922931182300D65037 /* EpisodeDetailAssembly.swift */ = {isa = PBXFileReference; lastKnownFileType = sourcecode.swift; path = EpisodeDetailAssembly.swift; sourceTree = "<group>"; };
		A590E7942931183500D65037 /* EpisodeDetailRouterProtocol.swift */ = {isa = PBXFileReference; lastKnownFileType = sourcecode.swift; path = EpisodeDetailRouterProtocol.swift; sourceTree = "<group>"; };
		A590E7962931184300D65037 /* EpisodeDetailRouter.swift */ = {isa = PBXFileReference; lastKnownFileType = sourcecode.swift; path = EpisodeDetailRouter.swift; sourceTree = "<group>"; };
		A590E7982931186E00D65037 /* EpisodeDetailViewOutputProtocol.swift */ = {isa = PBXFileReference; lastKnownFileType = sourcecode.swift; path = EpisodeDetailViewOutputProtocol.swift; sourceTree = "<group>"; };
		A5AA82E0292CCB9200B47692 /* RickandMortyApiTask.app */ = {isa = PBXFileReference; explicitFileType = wrapper.application; includeInIndex = 0; path = RickandMortyApiTask.app; sourceTree = BUILT_PRODUCTS_DIR; };
		A5AA82E3292CCB9200B47692 /* AppDelegate.swift */ = {isa = PBXFileReference; lastKnownFileType = sourcecode.swift; path = AppDelegate.swift; sourceTree = "<group>"; };
		A5AA82E7292CCB9200B47692 /* CharactersListViewController.swift */ = {isa = PBXFileReference; lastKnownFileType = sourcecode.swift; path = CharactersListViewController.swift; sourceTree = "<group>"; };
		A5AA82EC292CCB9500B47692 /* Assets.xcassets */ = {isa = PBXFileReference; lastKnownFileType = folder.assetcatalog; path = Assets.xcassets; sourceTree = "<group>"; };
		A5AA82EF292CCB9500B47692 /* Base */ = {isa = PBXFileReference; lastKnownFileType = file.storyboard; name = Base; path = Base.lproj/LaunchScreen.storyboard; sourceTree = "<group>"; };
		A5AA82F1292CCB9500B47692 /* Info.plist */ = {isa = PBXFileReference; lastKnownFileType = text.plist.xml; path = Info.plist; sourceTree = "<group>"; };
		A5AA830F292CE9E700B47692 /* EpisodeListViewController.swift */ = {isa = PBXFileReference; lastKnownFileType = sourcecode.swift; path = EpisodeListViewController.swift; sourceTree = "<group>"; };
		A5AA8311292CEA1500B47692 /* LocationListViewController.swift */ = {isa = PBXFileReference; lastKnownFileType = sourcecode.swift; path = LocationListViewController.swift; sourceTree = "<group>"; };
		A5ACE668292DCA510066DC72 /* EpisodeDetailViewController.swift */ = {isa = PBXFileReference; lastKnownFileType = sourcecode.swift; path = EpisodeDetailViewController.swift; sourceTree = "<group>"; };
		A5ACE66C292DCCB90066DC72 /* EpisodeDetailHeaderView.swift */ = {isa = PBXFileReference; lastKnownFileType = sourcecode.swift; path = EpisodeDetailHeaderView.swift; sourceTree = "<group>"; };
		A5ACE66E292DDE3D0066DC72 /* EpisodeDetailCollectionView.swift */ = {isa = PBXFileReference; lastKnownFileType = sourcecode.swift; path = EpisodeDetailCollectionView.swift; sourceTree = "<group>"; };
		A5ACE670292DDF6C0066DC72 /* EpisodeDetailCell.swift */ = {isa = PBXFileReference; lastKnownFileType = sourcecode.swift; path = EpisodeDetailCell.swift; sourceTree = "<group>"; };
		A5ACE675292DE6A50066DC72 /* EpisodeCustomCell.swift */ = {isa = PBXFileReference; lastKnownFileType = sourcecode.swift; path = EpisodeCustomCell.swift; sourceTree = "<group>"; };
		A5ACE677292DE6CC0066DC72 /* EpisodeTableView.swift */ = {isa = PBXFileReference; lastKnownFileType = sourcecode.swift; path = EpisodeTableView.swift; sourceTree = "<group>"; };
		A5ED44932930FEC20065A0B0 /* Charact.swift */ = {isa = PBXFileReference; fileEncoding = 4; lastKnownFileType = sourcecode.swift; name = Charact.swift; path = RickandMortyApiTask/Charact.swift; sourceTree = SOURCE_ROOT; };
		A5F2E93F2930AC2D001C171E /* Episodes.swift */ = {isa = PBXFileReference; lastKnownFileType = sourcecode.swift; path = Episodes.swift; sourceTree = "<group>"; };
		DC0EF9EAEF2986BE69076A14 /* Pods-RickandMortyApiTask.release.xcconfig */ = {isa = PBXFileReference; includeInIndex = 1; lastKnownFileType = text.xcconfig; name = "Pods-RickandMortyApiTask.release.xcconfig"; path = "Target Support Files/Pods-RickandMortyApiTask/Pods-RickandMortyApiTask.release.xcconfig"; sourceTree = "<group>"; };
/* End PBXFileReference section */

/* Begin PBXFrameworksBuildPhase section */
		A5AA82DD292CCB9200B47692 /* Frameworks */ = {
			isa = PBXFrameworksBuildPhase;
			buildActionMask = 2147483647;
			files = (
				29BDF4EB47A4D8EDA04D7224 /* Pods_RickandMortyApiTask.framework in Frameworks */,
			);
			runOnlyForDeploymentPostprocessing = 0;
		};
/* End PBXFrameworksBuildPhase section */

/* Begin PBXGroup section */
		0448A982292F5748006F49DD /* Views */ = {
			isa = PBXGroup;
			children = (
				0448A983292F5748006F49DD /* LocationDetailHeader.swift */,
				0448A984292F5748006F49DD /* LocationDetailCollectionCell.swift */,
				0448A985292F5748006F49DD /* LocationDetailView.swift */,
			);
			path = Views;
			sourceTree = "<group>";
		};
		0448A989292F5752006F49DD /* Views */ = {
			isa = PBXGroup;
			children = (
				0448A98A292F5752006F49DD /* LocationListCell.swift */,
				0448A98B292F5752006F49DD /* LocationListView.swift */,
			);
			path = Views;
			sourceTree = "<group>";
		};
		0448A997292FAA2C006F49DD /* Assembler */ = {
			isa = PBXGroup;
			children = (
				0448A998292FAA44006F49DD /* AssemblerBuilder.swift */,
			);
			path = Assembler;
			sourceTree = "<group>";
		};
		0448A99A292FAB68006F49DD /* Subviews */ = {
			isa = PBXGroup;
			children = (
				04AB6550292D0CC300216DBE /* DetailCharactertView.swift */,
				A5031A0A292E6C9D0098551F /* DetailCharactertHeader.swift */,
				A5031A0C292E6CC20098551F /* DetailCharactertCell.swift */,
			);
			path = Subviews;
			sourceTree = "<group>";
		};
		0448A99D292FAE10006F49DD /* Presenter */ = {
			isa = PBXGroup;
			children = (
				0448A99E292FAE73006F49DD /* DetailCharacterPresenter.swift */,
				0448A9A6292FB046006F49DD /* DetailCharacterPresenterInputProtocol.swift */,
			);
			path = Presenter;
			sourceTree = "<group>";
		};
		0448A9A3292FAF6A006F49DD /* Interactor */ = {
			isa = PBXGroup;
			children = (
				0448A9A4292FAF8B006F49DD /* DetailCharacterInteractor.swift */,
				043943F7293143DD00AF8431 /* DetailCharacterInteractorInputProtocol.swift */,
			);
			path = Interactor;
			sourceTree = "<group>";
		};
		0448A9A8292FB085006F49DD /* NetworkModels */ = {
			isa = PBXGroup;
			children = (
				A56DA0D2292F774E004F5AB3 /* Characterss.swift */,
				A5F2E93F2930AC2D001C171E /* Episodes.swift */,
			);
			path = NetworkModels;
			sourceTree = "<group>";
		};
		0448A9A9292FB108006F49DD /* Router */ = {
			isa = PBXGroup;
			children = (
				0448A9AA292FB11E006F49DD /* BaseRouter.swift */,
			);
			path = Router;
			sourceTree = "<group>";
		};
		0448A9AC292FB3F4006F49DD /* Router */ = {
			isa = PBXGroup;
			children = (
			);
			path = Router;
			sourceTree = "<group>";
		};
		04AB654A292D090200216DBE /* DetailCharacterModule */ = {
			isa = PBXGroup;
			children = (
				0448A9AC292FB3F4006F49DD /* Router */,
				0448A9A3292FAF6A006F49DD /* Interactor */,
				0448A99D292FAE10006F49DD /* Presenter */,
				A56DA0AC292E720C004F5AB3 /* Views */,
			);
			path = DetailCharacterModule;
			sourceTree = "<group>";
		};
		04AB654D292D0B2900216DBE /* UIKit  */ = {
			isa = PBXGroup;
			children = (
				04AB654E292D0B8100216DBE /* Extension */,
			);
			path = "UIKit ";
			sourceTree = "<group>";
		};
		04AB654E292D0B8100216DBE /* Extension */ = {
			isa = PBXGroup;
			children = (
				A5031A0E292E6DD20098551F /* UIImageView+Configure.swift */,
				A5031A0F292E6DD20098551F /* UILabel+Confgure.swift */,
				A5031A10292E6DD20098551F /* UIView+Autolayout.swift */,
			);
			path = Extension;
			sourceTree = "<group>";
		};
		1C21FD3E4FC9D795E654D738 /* Pods */ = {
			isa = PBXGroup;
			children = (
				736A086959F586E7141E8483 /* Pods-RickandMortyApiTask.debug.xcconfig */,
				DC0EF9EAEF2986BE69076A14 /* Pods-RickandMortyApiTask.release.xcconfig */,
			);
			path = Pods;
			sourceTree = "<group>";
		};
		5AD8220CDDF2296D3E202683 /* Frameworks */ = {
			isa = PBXGroup;
			children = (
				1CAB6CEBF61FF0B4FEAB289A /* Pods_RickandMortyApiTask.framework */,
			);
			name = Frameworks;
			sourceTree = "<group>";
		};
		A50319FB292E69E80098551F /* Views */ = {
			isa = PBXGroup;
			children = (
				A56DA0D4292FA12D004F5AB3 /* Subviews */,
				A5AA82E7292CCB9200B47692 /* CharactersListViewController.swift */,
				0448A9AF292FC55B006F49DD /* CharactersListViewProtocols.swift */,
			);
			path = Views;
			sourceTree = "<group>";
		};
		A56DA0AC292E720C004F5AB3 /* Views */ = {
			isa = PBXGroup;
			children = (
				04AB654B292D093000216DBE /* DetailCharacterViewController.swift */,
				0448A9A0292FAE8E006F49DD /* DetailCharacterViewProtocols.swift */,
				0448A99A292FAB68006F49DD /* Subviews */,
			);
			path = Views;
			sourceTree = "<group>";
		};
		A56DA0C3292F6D80004F5AB3 /* Helpers */ = {
			isa = PBXGroup;
			children = (
				A56DA0CA292F716A004F5AB3 /* Networking */,
				A56DA0C7292F6EFA004F5AB3 /* RickAndMortyRequestFactory */,
				A56DA0C4292F6D8E004F5AB3 /* API */,
			);
			path = Helpers;
			sourceTree = "<group>";
		};
		A56DA0C4292F6D8E004F5AB3 /* API */ = {
			isa = PBXGroup;
			children = (
				A56DA0C5292F6DB3004F5AB3 /* Api.swift */,
			);
			path = API;
			sourceTree = "<group>";
		};
		A56DA0C7292F6EFA004F5AB3 /* RickAndMortyRequestFactory */ = {
			isa = PBXGroup;
			children = (
				A56DA0C8292F6F10004F5AB3 /* RickAndMortyRequestFactory.swift */,
			);
			path = RickAndMortyRequestFactory;
			sourceTree = "<group>";
		};
		A56DA0CA292F716A004F5AB3 /* Networking */ = {
			isa = PBXGroup;
			children = (
				0448A9A8292FB085006F49DD /* NetworkModels */,
				A56DA0CB292F7190004F5AB3 /* NetworkClient.swift */,
				A56DA0CD292F71C6004F5AB3 /* DefaultNetworkClient.swift */,
				A56DA0CF292F723B004F5AB3 /* NetworkError.swift */,
			);
			path = Networking;
			sourceTree = "<group>";
		};
		A56DA0D4292FA12D004F5AB3 /* Subviews */ = {
			isa = PBXGroup;
			children = (
				A50319FC292E6A630098551F /* CharactersCollectionView.swift */,
				A5031A04292E6B720098551F /* CharactersCollectionCell.swift */,
			);
			path = Subviews;
			sourceTree = "<group>";
		};
		A56DA0D5292FA167004F5AB3 /* Presenter */ = {
			isa = PBXGroup;
			children = (
				A56DA0D6292FA17C004F5AB3 /* CharactersListPresenter.swift */,
				0448A9AD292FC4C1006F49DD /* CharactersListPresenterInputProtocol.swift */,
			);
			path = Presenter;
			sourceTree = "<group>";
		};
		A56DA0D8292FA1C9004F5AB3 /* Interactor */ = {
			isa = PBXGroup;
			children = (
				A56DA0D9292FA1DF004F5AB3 /* CharactersListInteractor.swift */,
				04A89CD22932056800B06410 /* CharactersListInteractorInputProtocol.swift */,
			);
			path = Interactor;
			sourceTree = "<group>";
		};
		A56DA0DB292FA227004F5AB3 /* Router */ = {
			isa = PBXGroup;
			children = (
				A56DA0DC292FA23D004F5AB3 /* CharactersListRouter.swift */,
				0448A9B1292FD685006F49DD /* CharactersListRouterProtocol.swift */,
			);
			path = Router;
			sourceTree = "<group>";
		};
		A56DA0DF2930A3C2004F5AB3 /* SubViews */ = {
			isa = PBXGroup;
			children = (
				A5ACE675292DE6A50066DC72 /* EpisodeCustomCell.swift */,
				A5ACE677292DE6CC0066DC72 /* EpisodeTableView.swift */,
			);
			name = SubViews;
			sourceTree = "<group>";
		};
		A56DA0E02930A3DD004F5AB3 /* Presenter */ = {
			isa = PBXGroup;
			children = (
				A56DA0F02930A6E9004F5AB3 /* EpisodeListPresenter.swift */,
				A56DA0F22930A726004F5AB3 /* EpisodeListViewInputProtocol.swift */,
			);
			name = Presenter;
			sourceTree = "<group>";
		};
		A56DA0E12930A3EC004F5AB3 /* Interactor */ = {
			isa = PBXGroup;
			children = (
				A56DA0EA2930A69D004F5AB3 /* EpisodeListInteractorInputProtocol.swift */,
				A56DA0EC2930A6BF004F5AB3 /* EpisodeListInteractorOutputProtocol.swift */,
				A56DA0EE2930A6CF004F5AB3 /* EpisodeListInteractor.swift */,
			);
			name = Interactor;
			sourceTree = "<group>";
		};
		A56DA0E22930A424004F5AB3 /* Router */ = {
			isa = PBXGroup;
			children = (
				A56DA0E62930A4CF004F5AB3 /* EpisodeListRouterProtocol.swift */,
				A56DA0E82930A4E1004F5AB3 /* EpisodeListRouter.swift */,
			);
			name = Router;
			sourceTree = "<group>";
		};
		A56DA0E32930A42B004F5AB3 /* Assembly */ = {
			isa = PBXGroup;
			children = (
				A56DA0E42930A4AB004F5AB3 /* EpisodeListAssembly.swift */,
			);
			name = Assembly;
			sourceTree = "<group>";
		};
		A590E7832931170700D65037 /* SubViews */ = {
			isa = PBXGroup;
			children = (
				A5ACE66C292DCCB90066DC72 /* EpisodeDetailHeaderView.swift */,
				A5ACE66E292DDE3D0066DC72 /* EpisodeDetailCollectionView.swift */,
				A5ACE670292DDF6C0066DC72 /* EpisodeDetailCell.swift */,
			);
			name = SubViews;
			sourceTree = "<group>";
		};
		A590E7842931171900D65037 /* Router */ = {
			isa = PBXGroup;
			children = (
				A590E7942931183500D65037 /* EpisodeDetailRouterProtocol.swift */,
				A590E7962931184300D65037 /* EpisodeDetailRouter.swift */,
			);
			name = Router;
			sourceTree = "<group>";
		};
		A590E7852931173200D65037 /* Assembly */ = {
			isa = PBXGroup;
			children = (
				A590E7922931182300D65037 /* EpisodeDetailAssembly.swift */,
			);
			name = Assembly;
			sourceTree = "<group>";
		};
		A590E7862931174200D65037 /* Interactor */ = {
			isa = PBXGroup;
			children = (
				A590E78C293117D800D65037 /* EpisodeDetailInteractorOutputProtocol.swift */,
				A590E78E293117FB00D65037 /* EpisodeDetailInteractorInputProtocol.swift */,
				A590E7902931180D00D65037 /* EpisodeDetailInteractor.swift */,
			);
			name = Interactor;
			sourceTree = "<group>";
		};
		A590E7872931174C00D65037 /* Presenter */ = {
			isa = PBXGroup;
			children = (
				A590E7882931179D00D65037 /* EpisodeDetailViewInputProtocol.swift */,
				A590E78A293117B500D65037 /* EpisodeDetailPresenter.swift */,
			);
			name = Presenter;
			sourceTree = "<group>";
		};
		A5AA82D7292CCB9200B47692 = {
			isa = PBXGroup;
			children = (
				A5AA82E2292CCB9200B47692 /* RickandMortyApiTask */,
				A5AA82E1292CCB9200B47692 /* Products */,
				1C21FD3E4FC9D795E654D738 /* Pods */,
				5AD8220CDDF2296D3E202683 /* Frameworks */,
			);
			sourceTree = "<group>";
		};
		A5AA82E1292CCB9200B47692 /* Products */ = {
			isa = PBXGroup;
			children = (
				A5AA82E0292CCB9200B47692 /* RickandMortyApiTask.app */,
			);
			name = Products;
			sourceTree = "<group>";
		};
		A5AA82E2292CCB9200B47692 /* RickandMortyApiTask */ = {
			isa = PBXGroup;
			children = (
				A5AA82F8292CCD8900B47692 /* Sources */,
				A5AA82F7292CCD8500B47692 /* Resources */,
			);
			path = RickandMortyApiTask;
			sourceTree = "<group>";
		};
		A5AA82F7292CCD8500B47692 /* Resources */ = {
			isa = PBXGroup;
			children = (
				A5AA82FA292CCD9100B47692 /* Supporting files */,
				A5AA82F9292CCD8D00B47692 /* Configuration */,
			);
			path = Resources;
			sourceTree = "<group>";
		};
		A5AA82F8292CCD8900B47692 /* Sources */ = {
			isa = PBXGroup;
			children = (
				A5ED44932930FEC20065A0B0 /* Charact.swift */,
				0448A9A9292FB108006F49DD /* Router */,
				0448A997292FAA2C006F49DD /* Assembler */,
				A56DA0C3292F6D80004F5AB3 /* Helpers */,
				04AB654D292D0B2900216DBE /* UIKit  */,
				A5AA82FB292CCD9500B47692 /* Application */,
				A5AA8302292CD13800B47692 /* Modules */,
			);
			path = Sources;
			sourceTree = "<group>";
		};
		A5AA82F9292CCD8D00B47692 /* Configuration */ = {
			isa = PBXGroup;
			children = (
				A5AA82F1292CCB9500B47692 /* Info.plist */,
			);
			path = Configuration;
			sourceTree = "<group>";
		};
		A5AA82FA292CCD9100B47692 /* Supporting files */ = {
			isa = PBXGroup;
			children = (
				A5AA82EC292CCB9500B47692 /* Assets.xcassets */,
				A5AA82EE292CCB9500B47692 /* LaunchScreen.storyboard */,
			);
			path = "Supporting files";
			sourceTree = "<group>";
		};
		A5AA82FB292CCD9500B47692 /* Application */ = {
			isa = PBXGroup;
			children = (
				A5AA82E3292CCB9200B47692 /* AppDelegate.swift */,
			);
			path = Application;
			sourceTree = "<group>";
		};
		A5AA82FC292CCD9800B47692 /* CharactersListModule */ = {
			isa = PBXGroup;
			children = (
				A56DA0DB292FA227004F5AB3 /* Router */,
				A56DA0D8292FA1C9004F5AB3 /* Interactor */,
				A56DA0D5292FA167004F5AB3 /* Presenter */,
				A50319FB292E69E80098551F /* Views */,
			);
			path = CharactersListModule;
			sourceTree = "<group>";
		};
		A5AA82FE292CCF3100B47692 /* LocationListModule */ = {
			isa = PBXGroup;
			children = (
				A5AA8311292CEA1500B47692 /* LocationListViewController.swift */,
				0448A989292F5752006F49DD /* Views */,
			);
			path = LocationListModule;
			sourceTree = "<group>";
		};
		A5AA8300292CCFD100B47692 /* EpisodeListModule */ = {
			isa = PBXGroup;
			children = (
				A56DA0E32930A42B004F5AB3 /* Assembly */,
				A56DA0E22930A424004F5AB3 /* Router */,
				A56DA0E12930A3EC004F5AB3 /* Interactor */,
				A56DA0E02930A3DD004F5AB3 /* Presenter */,
				A5ACE674292DE68E0066DC72 /* Views */,
			);
			path = EpisodeListModule;
			sourceTree = "<group>";
		};
		A5AA8301292CCFD400B47692 /* EpisodeDetailModule */ = {
			isa = PBXGroup;
			children = (
				A590E7872931174C00D65037 /* Presenter */,
				A590E7862931174200D65037 /* Interactor */,
				A590E7852931173200D65037 /* Assembly */,
				A590E7842931171900D65037 /* Router */,
				A5ACE66B292DCAEA0066DC72 /* Views */,
			);
			path = EpisodeDetailModule;
			sourceTree = "<group>";
		};
		A5AA8302292CD13800B47692 /* Modules */ = {
			isa = PBXGroup;
			children = (
				A5AA82FC292CCD9800B47692 /* CharactersListModule */,
				04AB654A292D090200216DBE /* DetailCharacterModule */,
				A5AA8300292CCFD100B47692 /* EpisodeListModule */,
				A5AA8301292CCFD400B47692 /* EpisodeDetailModule */,
				A5AA82FE292CCF3100B47692 /* LocationListModule */,
				A5AA8304292CD1D100B47692 /* LocationDetailModule */,
			);
			path = Modules;
			sourceTree = "<group>";
		};
		A5AA8304292CD1D100B47692 /* LocationDetailModule */ = {
			isa = PBXGroup;
			children = (
				0448A982292F5748006F49DD /* Views */,
				0448A97E292F55BD006F49DD /* LocationDetailViewController.swift */,
			);
			path = LocationDetailModule;
			sourceTree = "<group>";
		};
		A5ACE66B292DCAEA0066DC72 /* Views */ = {
			isa = PBXGroup;
			children = (
				A590E7982931186E00D65037 /* EpisodeDetailViewOutputProtocol.swift */,
				A5ACE668292DCA510066DC72 /* EpisodeDetailViewController.swift */,
				A590E7832931170700D65037 /* SubViews */,
			);
			name = Views;
			sourceTree = "<group>";
		};
		A5ACE674292DE68E0066DC72 /* Views */ = {
			isa = PBXGroup;
			children = (
				A56DA0F42930A762004F5AB3 /* EpisodeListViewOutputProtocol.swift */,
				A5AA830F292CE9E700B47692 /* EpisodeListViewController.swift */,
				A56DA0DF2930A3C2004F5AB3 /* SubViews */,
			);
			name = Views;
			sourceTree = "<group>";
		};
/* End PBXGroup section */

/* Begin PBXNativeTarget section */
		A5AA82DF292CCB9200B47692 /* RickandMortyApiTask */ = {
			isa = PBXNativeTarget;
			buildConfigurationList = A5AA82F4292CCB9500B47692 /* Build configuration list for PBXNativeTarget "RickandMortyApiTask" */;
			buildPhases = (
				5F2582021562C16E7AB6F763 /* [CP] Check Pods Manifest.lock */,
				A5AA82DC292CCB9200B47692 /* Sources */,
				A5AA82DD292CCB9200B47692 /* Frameworks */,
				A5AA82DE292CCB9200B47692 /* Resources */,
				3C729AE1F7960B5F71A713C1 /* [CP] Embed Pods Frameworks */,
			);
			buildRules = (
			);
			dependencies = (
			);
			name = RickandMortyApiTask;
			productName = RickandMortyApiTask;
			productReference = A5AA82E0292CCB9200B47692 /* RickandMortyApiTask.app */;
			productType = "com.apple.product-type.application";
		};
/* End PBXNativeTarget section */

/* Begin PBXProject section */
		A5AA82D8292CCB9200B47692 /* Project object */ = {
			isa = PBXProject;
			attributes = {
				BuildIndependentTargetsInParallel = 1;
				LastSwiftUpdateCheck = 1400;
				LastUpgradeCheck = 1400;
				TargetAttributes = {
					A5AA82DF292CCB9200B47692 = {
						CreatedOnToolsVersion = 14.0.1;
					};
				};
			};
			buildConfigurationList = A5AA82DB292CCB9200B47692 /* Build configuration list for PBXProject "RickandMortyApiTask" */;
			compatibilityVersion = "Xcode 14.0";
			developmentRegion = en;
			hasScannedForEncodings = 0;
			knownRegions = (
				en,
				Base,
			);
			mainGroup = A5AA82D7292CCB9200B47692;
			productRefGroup = A5AA82E1292CCB9200B47692 /* Products */;
			projectDirPath = "";
			projectRoot = "";
			targets = (
				A5AA82DF292CCB9200B47692 /* RickandMortyApiTask */,
			);
		};
/* End PBXProject section */

/* Begin PBXResourcesBuildPhase section */
		A5AA82DE292CCB9200B47692 /* Resources */ = {
			isa = PBXResourcesBuildPhase;
			buildActionMask = 2147483647;
			files = (
				A5AA82F0292CCB9500B47692 /* LaunchScreen.storyboard in Resources */,
				A5AA82ED292CCB9500B47692 /* Assets.xcassets in Resources */,
			);
			runOnlyForDeploymentPostprocessing = 0;
		};
/* End PBXResourcesBuildPhase section */

/* Begin PBXShellScriptBuildPhase section */
		3C729AE1F7960B5F71A713C1 /* [CP] Embed Pods Frameworks */ = {
			isa = PBXShellScriptBuildPhase;
			buildActionMask = 2147483647;
			files = (
			);
			inputFileListPaths = (
				"${PODS_ROOT}/Target Support Files/Pods-RickandMortyApiTask/Pods-RickandMortyApiTask-frameworks-${CONFIGURATION}-input-files.xcfilelist",
			);
			name = "[CP] Embed Pods Frameworks";
			outputFileListPaths = (
				"${PODS_ROOT}/Target Support Files/Pods-RickandMortyApiTask/Pods-RickandMortyApiTask-frameworks-${CONFIGURATION}-output-files.xcfilelist",
			);
			runOnlyForDeploymentPostprocessing = 0;
			shellPath = /bin/sh;
			shellScript = "\"${PODS_ROOT}/Target Support Files/Pods-RickandMortyApiTask/Pods-RickandMortyApiTask-frameworks.sh\"\n";
			showEnvVarsInLog = 0;
		};
		5F2582021562C16E7AB6F763 /* [CP] Check Pods Manifest.lock */ = {
			isa = PBXShellScriptBuildPhase;
			buildActionMask = 2147483647;
			files = (
			);
			inputFileListPaths = (
			);
			inputPaths = (
				"${PODS_PODFILE_DIR_PATH}/Podfile.lock",
				"${PODS_ROOT}/Manifest.lock",
			);
			name = "[CP] Check Pods Manifest.lock";
			outputFileListPaths = (
			);
			outputPaths = (
				"$(DERIVED_FILE_DIR)/Pods-RickandMortyApiTask-checkManifestLockResult.txt",
			);
			runOnlyForDeploymentPostprocessing = 0;
			shellPath = /bin/sh;
			shellScript = "diff \"${PODS_PODFILE_DIR_PATH}/Podfile.lock\" \"${PODS_ROOT}/Manifest.lock\" > /dev/null\nif [ $? != 0 ] ; then\n    # print error to STDERR\n    echo \"error: The sandbox is not in sync with the Podfile.lock. Run 'pod install' or update your CocoaPods installation.\" >&2\n    exit 1\nfi\n# This output is used by Xcode 'outputs' to avoid re-running this script phase.\necho \"SUCCESS\" > \"${SCRIPT_OUTPUT_FILE_0}\"\n";
			showEnvVarsInLog = 0;
		};
/* End PBXShellScriptBuildPhase section */

/* Begin PBXSourcesBuildPhase section */
		A5AA82DC292CCB9200B47692 /* Sources */ = {
			isa = PBXSourcesBuildPhase;
			buildActionMask = 2147483647;
			files = (
				A5ACE676292DE6A50066DC72 /* EpisodeCustomCell.swift in Sources */,
				A5031A14292E6DD20098551F /* UIView+Autolayout.swift in Sources */,
				0448A988292F5748006F49DD /* LocationDetailView.swift in Sources */,
				A5F2E9402930AC2D001C171E /* Episodes.swift in Sources */,
				0448A9AE292FC4C1006F49DD /* CharactersListPresenterInputProtocol.swift in Sources */,
				A56DA0EF2930A6CF004F5AB3 /* EpisodeListInteractor.swift in Sources */,
				A5031A05292E6B720098551F /* CharactersCollectionCell.swift in Sources */,
				0448A999292FAA44006F49DD /* AssemblerBuilder.swift in Sources */,
				A5ACE669292DCA510066DC72 /* EpisodeDetailViewController.swift in Sources */,
				A590E7912931180D00D65037 /* EpisodeDetailInteractor.swift in Sources */,
				A56DA0D0292F723B004F5AB3 /* NetworkError.swift in Sources */,
				A56DA0ED2930A6BF004F5AB3 /* EpisodeListInteractorOutputProtocol.swift in Sources */,
				0448A9B0292FC55B006F49DD /* CharactersListViewProtocols.swift in Sources */,
				A590E7972931184300D65037 /* EpisodeDetailRouter.swift in Sources */,
				A56DA0AA292E7178004F5AB3 /* DetailCharacterViewController.swift in Sources */,
				0448A9AB292FB11E006F49DD /* BaseRouter.swift in Sources */,
				A590E7952931183500D65037 /* EpisodeDetailRouterProtocol.swift in Sources */,
				0448A987292F5748006F49DD /* LocationDetailCollectionCell.swift in Sources */,
				A50319FD292E6A630098551F /* CharactersCollectionView.swift in Sources */,
				A5031A13292E6DD20098551F /* UILabel+Confgure.swift in Sources */,
				A56DA0C6292F6DB3004F5AB3 /* Api.swift in Sources */,
				A590E78F293117FB00D65037 /* EpisodeDetailInteractorInputProtocol.swift in Sources */,
				A56DA0D7292FA17C004F5AB3 /* CharactersListPresenter.swift in Sources */,
				A590E78B293117B600D65037 /* EpisodeDetailPresenter.swift in Sources */,
				0448A9B2292FD685006F49DD /* CharactersListRouterProtocol.swift in Sources */,
				A590E7992931186E00D65037 /* EpisodeDetailViewOutputProtocol.swift in Sources */,
				0448A9A1292FAE8E006F49DD /* DetailCharacterViewProtocols.swift in Sources */,
				0448A99F292FAE73006F49DD /* DetailCharacterPresenter.swift in Sources */,
				A5AA8310292CE9E700B47692 /* EpisodeListViewController.swift in Sources */,
				A56DA0F52930A762004F5AB3 /* EpisodeListViewOutputProtocol.swift in Sources */,
				04A89CD32932056800B06410 /* CharactersListInteractorInputProtocol.swift in Sources */,
				A5031A0B292E6C9D0098551F /* DetailCharactertHeader.swift in Sources */,
				A56DA0EB2930A69D004F5AB3 /* EpisodeListInteractorInputProtocol.swift in Sources */,
				0448A98D292F5752006F49DD /* LocationListView.swift in Sources */,
				A5ACE678292DE6CC0066DC72 /* EpisodeTableView.swift in Sources */,
				0448A9A7292FB046006F49DD /* DetailCharacterPresenterInputProtocol.swift in Sources */,
				043943F8293143DD00AF8431 /* DetailCharacterInteractorInputProtocol.swift in Sources */,
				A56DA0C9292F6F10004F5AB3 /* RickAndMortyRequestFactory.swift in Sources */,
				A5ACE66D292DCCB90066DC72 /* EpisodeDetailHeaderView.swift in Sources */,
				A5AA82E8292CCB9200B47692 /* CharactersListViewController.swift in Sources */,
				A5ACE66F292DDE3D0066DC72 /* EpisodeDetailCollectionView.swift in Sources */,
				A5AA8312292CEA1500B47692 /* LocationListViewController.swift in Sources */,
				0448A98C292F5752006F49DD /* LocationListCell.swift in Sources */,
				A590E7932931182300D65037 /* EpisodeDetailAssembly.swift in Sources */,
				0448A97F292F55BD006F49DD /* LocationDetailViewController.swift in Sources */,
				A5ED44942930FEC20065A0B0 /* Charact.swift in Sources */,
				A5031A0D292E6CC20098551F /* DetailCharactertCell.swift in Sources */,
				A56DA0F12930A6E9004F5AB3 /* EpisodeListPresenter.swift in Sources */,
				A56DA0E52930A4AB004F5AB3 /* EpisodeListAssembly.swift in Sources */,
				A590E7892931179D00D65037 /* EpisodeDetailViewInputProtocol.swift in Sources */,
				A5ACE671292DDF6C0066DC72 /* EpisodeDetailCell.swift in Sources */,
				A56DA0CE292F71C6004F5AB3 /* DefaultNetworkClient.swift in Sources */,
				A56DA0DA292FA1DF004F5AB3 /* CharactersListInteractor.swift in Sources */,
				A56DA0AB292E717B004F5AB3 /* DetailCharactertView.swift in Sources */,
				A5AA82E4292CCB9200B47692 /* AppDelegate.swift in Sources */,
				A590E78D293117D800D65037 /* EpisodeDetailInteractorOutputProtocol.swift in Sources */,
				A5031A12292E6DD20098551F /* UIImageView+Configure.swift in Sources */,
				A56DA0CC292F7190004F5AB3 /* NetworkClient.swift in Sources */,
				A56DA0E92930A4E1004F5AB3 /* EpisodeListRouter.swift in Sources */,
				A56DA0DD292FA23D004F5AB3 /* CharactersListRouter.swift in Sources */,
				0448A986292F5748006F49DD /* LocationDetailHeader.swift in Sources */,
				A56DA0E72930A4CF004F5AB3 /* EpisodeListRouterProtocol.swift in Sources */,
				0448A9A5292FAF8B006F49DD /* DetailCharacterInteractor.swift in Sources */,
				A56DA0D3292F774E004F5AB3 /* Characterss.swift in Sources */,
				A56DA0F32930A726004F5AB3 /* EpisodeListViewInputProtocol.swift in Sources */,
			);
			runOnlyForDeploymentPostprocessing = 0;
		};
/* End PBXSourcesBuildPhase section */

/* Begin PBXVariantGroup section */
		A5AA82EE292CCB9500B47692 /* LaunchScreen.storyboard */ = {
			isa = PBXVariantGroup;
			children = (
				A5AA82EF292CCB9500B47692 /* Base */,
			);
			name = LaunchScreen.storyboard;
			sourceTree = "<group>";
		};
/* End PBXVariantGroup section */

/* Begin XCBuildConfiguration section */
		A5AA82F2292CCB9500B47692 /* Debug */ = {
			isa = XCBuildConfiguration;
			buildSettings = {
				ALWAYS_SEARCH_USER_PATHS = NO;
				CLANG_ANALYZER_NONNULL = YES;
				CLANG_ANALYZER_NUMBER_OBJECT_CONVERSION = YES_AGGRESSIVE;
				CLANG_CXX_LANGUAGE_STANDARD = "gnu++20";
				CLANG_ENABLE_MODULES = YES;
				CLANG_ENABLE_OBJC_ARC = YES;
				CLANG_ENABLE_OBJC_WEAK = YES;
				CLANG_WARN_BLOCK_CAPTURE_AUTORELEASING = YES;
				CLANG_WARN_BOOL_CONVERSION = YES;
				CLANG_WARN_COMMA = YES;
				CLANG_WARN_CONSTANT_CONVERSION = YES;
				CLANG_WARN_DEPRECATED_OBJC_IMPLEMENTATIONS = YES;
				CLANG_WARN_DIRECT_OBJC_ISA_USAGE = YES_ERROR;
				CLANG_WARN_DOCUMENTATION_COMMENTS = YES;
				CLANG_WARN_EMPTY_BODY = YES;
				CLANG_WARN_ENUM_CONVERSION = YES;
				CLANG_WARN_INFINITE_RECURSION = YES;
				CLANG_WARN_INT_CONVERSION = YES;
				CLANG_WARN_NON_LITERAL_NULL_CONVERSION = YES;
				CLANG_WARN_OBJC_IMPLICIT_RETAIN_SELF = YES;
				CLANG_WARN_OBJC_LITERAL_CONVERSION = YES;
				CLANG_WARN_OBJC_ROOT_CLASS = YES_ERROR;
				CLANG_WARN_QUOTED_INCLUDE_IN_FRAMEWORK_HEADER = YES;
				CLANG_WARN_RANGE_LOOP_ANALYSIS = YES;
				CLANG_WARN_STRICT_PROTOTYPES = YES;
				CLANG_WARN_SUSPICIOUS_MOVE = YES;
				CLANG_WARN_UNGUARDED_AVAILABILITY = YES_AGGRESSIVE;
				CLANG_WARN_UNREACHABLE_CODE = YES;
				CLANG_WARN__DUPLICATE_METHOD_MATCH = YES;
				COPY_PHASE_STRIP = NO;
				DEBUG_INFORMATION_FORMAT = dwarf;
				ENABLE_STRICT_OBJC_MSGSEND = YES;
				ENABLE_TESTABILITY = YES;
				GCC_C_LANGUAGE_STANDARD = gnu11;
				GCC_DYNAMIC_NO_PIC = NO;
				GCC_NO_COMMON_BLOCKS = YES;
				GCC_OPTIMIZATION_LEVEL = 0;
				GCC_PREPROCESSOR_DEFINITIONS = (
					"DEBUG=1",
					"$(inherited)",
				);
				GCC_WARN_64_TO_32_BIT_CONVERSION = YES;
				GCC_WARN_ABOUT_RETURN_TYPE = YES_ERROR;
				GCC_WARN_UNDECLARED_SELECTOR = YES;
				GCC_WARN_UNINITIALIZED_AUTOS = YES_AGGRESSIVE;
				GCC_WARN_UNUSED_FUNCTION = YES;
				GCC_WARN_UNUSED_VARIABLE = YES;
				IPHONEOS_DEPLOYMENT_TARGET = 16.0;
				MTL_ENABLE_DEBUG_INFO = INCLUDE_SOURCE;
				MTL_FAST_MATH = YES;
				ONLY_ACTIVE_ARCH = YES;
				SDKROOT = iphoneos;
				SWIFT_ACTIVE_COMPILATION_CONDITIONS = DEBUG;
				SWIFT_OPTIMIZATION_LEVEL = "-Onone";
			};
			name = Debug;
		};
		A5AA82F3292CCB9500B47692 /* Release */ = {
			isa = XCBuildConfiguration;
			buildSettings = {
				ALWAYS_SEARCH_USER_PATHS = NO;
				CLANG_ANALYZER_NONNULL = YES;
				CLANG_ANALYZER_NUMBER_OBJECT_CONVERSION = YES_AGGRESSIVE;
				CLANG_CXX_LANGUAGE_STANDARD = "gnu++20";
				CLANG_ENABLE_MODULES = YES;
				CLANG_ENABLE_OBJC_ARC = YES;
				CLANG_ENABLE_OBJC_WEAK = YES;
				CLANG_WARN_BLOCK_CAPTURE_AUTORELEASING = YES;
				CLANG_WARN_BOOL_CONVERSION = YES;
				CLANG_WARN_COMMA = YES;
				CLANG_WARN_CONSTANT_CONVERSION = YES;
				CLANG_WARN_DEPRECATED_OBJC_IMPLEMENTATIONS = YES;
				CLANG_WARN_DIRECT_OBJC_ISA_USAGE = YES_ERROR;
				CLANG_WARN_DOCUMENTATION_COMMENTS = YES;
				CLANG_WARN_EMPTY_BODY = YES;
				CLANG_WARN_ENUM_CONVERSION = YES;
				CLANG_WARN_INFINITE_RECURSION = YES;
				CLANG_WARN_INT_CONVERSION = YES;
				CLANG_WARN_NON_LITERAL_NULL_CONVERSION = YES;
				CLANG_WARN_OBJC_IMPLICIT_RETAIN_SELF = YES;
				CLANG_WARN_OBJC_LITERAL_CONVERSION = YES;
				CLANG_WARN_OBJC_ROOT_CLASS = YES_ERROR;
				CLANG_WARN_QUOTED_INCLUDE_IN_FRAMEWORK_HEADER = YES;
				CLANG_WARN_RANGE_LOOP_ANALYSIS = YES;
				CLANG_WARN_STRICT_PROTOTYPES = YES;
				CLANG_WARN_SUSPICIOUS_MOVE = YES;
				CLANG_WARN_UNGUARDED_AVAILABILITY = YES_AGGRESSIVE;
				CLANG_WARN_UNREACHABLE_CODE = YES;
				CLANG_WARN__DUPLICATE_METHOD_MATCH = YES;
				COPY_PHASE_STRIP = NO;
				DEBUG_INFORMATION_FORMAT = "dwarf-with-dsym";
				ENABLE_NS_ASSERTIONS = NO;
				ENABLE_STRICT_OBJC_MSGSEND = YES;
				GCC_C_LANGUAGE_STANDARD = gnu11;
				GCC_NO_COMMON_BLOCKS = YES;
				GCC_WARN_64_TO_32_BIT_CONVERSION = YES;
				GCC_WARN_ABOUT_RETURN_TYPE = YES_ERROR;
				GCC_WARN_UNDECLARED_SELECTOR = YES;
				GCC_WARN_UNINITIALIZED_AUTOS = YES_AGGRESSIVE;
				GCC_WARN_UNUSED_FUNCTION = YES;
				GCC_WARN_UNUSED_VARIABLE = YES;
				IPHONEOS_DEPLOYMENT_TARGET = 16.0;
				MTL_ENABLE_DEBUG_INFO = NO;
				MTL_FAST_MATH = YES;
				SDKROOT = iphoneos;
				SWIFT_COMPILATION_MODE = wholemodule;
				SWIFT_OPTIMIZATION_LEVEL = "-O";
				VALIDATE_PRODUCT = YES;
			};
			name = Release;
		};
		A5AA82F5292CCB9500B47692 /* Debug */ = {
			isa = XCBuildConfiguration;
			baseConfigurationReference = 736A086959F586E7141E8483 /* Pods-RickandMortyApiTask.debug.xcconfig */;
			buildSettings = {
				ASSETCATALOG_COMPILER_APPICON_NAME = AppIcon;
				ASSETCATALOG_COMPILER_GLOBAL_ACCENT_COLOR_NAME = AccentColor;
				CODE_SIGN_STYLE = Automatic;
				CURRENT_PROJECT_VERSION = 1;
				GENERATE_INFOPLIST_FILE = YES;
				INFOPLIST_FILE = RickandMortyApiTask/Resources/Configuration/Info.plist;
				INFOPLIST_KEY_UIApplicationSupportsIndirectInputEvents = YES;
				INFOPLIST_KEY_UILaunchStoryboardName = LaunchScreen;
				INFOPLIST_KEY_UISupportedInterfaceOrientations_iPad = "UIInterfaceOrientationPortrait UIInterfaceOrientationPortraitUpsideDown UIInterfaceOrientationLandscapeLeft UIInterfaceOrientationLandscapeRight";
				INFOPLIST_KEY_UISupportedInterfaceOrientations_iPhone = "UIInterfaceOrientationPortrait UIInterfaceOrientationLandscapeLeft UIInterfaceOrientationLandscapeRight";
				LD_RUNPATH_SEARCH_PATHS = (
					"$(inherited)",
					"@executable_path/Frameworks",
				);
				MARKETING_VERSION = 1.0;
				PRODUCT_BUNDLE_IDENTIFIER = com.my.RickandMortyApiTask;
				PRODUCT_NAME = "$(TARGET_NAME)";
				SWIFT_EMIT_LOC_STRINGS = YES;
				SWIFT_VERSION = 5.0;
				TARGETED_DEVICE_FAMILY = "1,2";
			};
			name = Debug;
		};
		A5AA82F6292CCB9500B47692 /* Release */ = {
			isa = XCBuildConfiguration;
			baseConfigurationReference = DC0EF9EAEF2986BE69076A14 /* Pods-RickandMortyApiTask.release.xcconfig */;
			buildSettings = {
				ASSETCATALOG_COMPILER_APPICON_NAME = AppIcon;
				ASSETCATALOG_COMPILER_GLOBAL_ACCENT_COLOR_NAME = AccentColor;
				CODE_SIGN_STYLE = Automatic;
				CURRENT_PROJECT_VERSION = 1;
				GENERATE_INFOPLIST_FILE = YES;
				INFOPLIST_FILE = RickandMortyApiTask/Resources/Configuration/Info.plist;
				INFOPLIST_KEY_UIApplicationSupportsIndirectInputEvents = YES;
				INFOPLIST_KEY_UILaunchStoryboardName = LaunchScreen;
				INFOPLIST_KEY_UISupportedInterfaceOrientations_iPad = "UIInterfaceOrientationPortrait UIInterfaceOrientationPortraitUpsideDown UIInterfaceOrientationLandscapeLeft UIInterfaceOrientationLandscapeRight";
				INFOPLIST_KEY_UISupportedInterfaceOrientations_iPhone = "UIInterfaceOrientationPortrait UIInterfaceOrientationLandscapeLeft UIInterfaceOrientationLandscapeRight";
				LD_RUNPATH_SEARCH_PATHS = (
					"$(inherited)",
					"@executable_path/Frameworks",
				);
				MARKETING_VERSION = 1.0;
				PRODUCT_BUNDLE_IDENTIFIER = com.my.RickandMortyApiTask;
				PRODUCT_NAME = "$(TARGET_NAME)";
				SWIFT_EMIT_LOC_STRINGS = YES;
				SWIFT_VERSION = 5.0;
				TARGETED_DEVICE_FAMILY = "1,2";
			};
			name = Release;
		};
/* End XCBuildConfiguration section */

/* Begin XCConfigurationList section */
		A5AA82DB292CCB9200B47692 /* Build configuration list for PBXProject "RickandMortyApiTask" */ = {
			isa = XCConfigurationList;
			buildConfigurations = (
				A5AA82F2292CCB9500B47692 /* Debug */,
				A5AA82F3292CCB9500B47692 /* Release */,
			);
			defaultConfigurationIsVisible = 0;
			defaultConfigurationName = Release;
		};
		A5AA82F4292CCB9500B47692 /* Build configuration list for PBXNativeTarget "RickandMortyApiTask" */ = {
			isa = XCConfigurationList;
			buildConfigurations = (
				A5AA82F5292CCB9500B47692 /* Debug */,
				A5AA82F6292CCB9500B47692 /* Release */,
			);
			defaultConfigurationIsVisible = 0;
			defaultConfigurationName = Release;
		};
/* End XCConfigurationList section */
	};
	rootObject = A5AA82D8292CCB9200B47692 /* Project object */;
}
